
Microsoft Visual Studio Solution File, Format Version 12.00
# Visual Studio Version 17
VisualStudioVersion = 17.5.002.0
MinimumVisualStudioVersion = 10.0.40219.1
Project("{9A19103F-16F7-4668-BE54-9A1E7A4F7556}") = "exercicio1-atividade3", "exercicio1-atividade3.csproj", "{D8781AB6-A24A-45FC-B7F7-C905C9458E0A}"
EndProject
Global
	GlobalSection(SolutionConfigurationPlatforms) = preSolution
		Debug|Any CPU = Debug|Any CPU
		Release|Any CPU = Release|Any CPU
	EndGlobalSection
	GlobalSection(ProjectConfigurationPlatforms) = postSolution
		{D8781AB6-A24A-45FC-B7F7-C905C9458E0A}.Debug|Any CPU.ActiveCfg = Debug|Any CPU
		{D8781AB6-A24A-45FC-B7F7-C905C9458E0A}.Debug|Any CPU.Build.0 = Debug|Any CPU
		{D8781AB6-A24A-45FC-B7F7-C905C9458E0A}.Release|Any CPU.ActiveCfg = Release|Any CPU
		{D8781AB6-A24A-45FC-B7F7-C905C9458E0A}.Release|Any CPU.Build.0 = Release|Any CPU
	EndGlobalSection
	GlobalSection(SolutionProperties) = preSolution
		HideSolutionNode = FALSE
	EndGlobalSection
	GlobalSection(ExtensibilityGlobals) = postSolution
		SolutionGuid = {CAE7B197-AAF6-419B-AFE6-C0EA55895C10}
	EndGlobalSection
EndGlobal
